// !$*UTF8*$!
{
	archiveVersion = 1;
	classes = {
	};
	objectVersion = 50;
	objects = {

/* Begin PBXBuildFile section */
		A584824026063F5300C7C880 /* AppDelegate.swift in Sources */ = {isa = PBXBuildFile; fileRef = A584823F26063F5300C7C880 /* AppDelegate.swift */; };
		A584824226063F5300C7C880 /* SceneDelegate.swift in Sources */ = {isa = PBXBuildFile; fileRef = A584824126063F5300C7C880 /* SceneDelegate.swift */; };
		A584824426063F5300C7C880 /* ViewController.swift in Sources */ = {isa = PBXBuildFile; fileRef = A584824326063F5300C7C880 /* ViewController.swift */; };
		A584824726063F5300C7C880 /* Main.storyboard in Resources */ = {isa = PBXBuildFile; fileRef = A584824526063F5300C7C880 /* Main.storyboard */; };
		A584824A26063F5300C7C880 /* Devslopes.xcdatamodeld in Sources */ = {isa = PBXBuildFile; fileRef = A584824826063F5300C7C880 /* Devslopes.xcdatamodeld */; };
		A584824C26063F5400C7C880 /* Assets.xcassets in Resources */ = {isa = PBXBuildFile; fileRef = A584824B26063F5400C7C880 /* Assets.xcassets */; };
		A584824F26063F5400C7C880 /* LaunchScreen.storyboard in Resources */ = {isa = PBXBuildFile; fileRef = A584824D26063F5400C7C880 /* LaunchScreen.storyboard */; };
/* End PBXBuildFile section */

/* Begin PBXFileReference section */
		A584823C26063F5300C7C880 /* Devslopes.app */ = {isa = PBXFileReference; explicitFileType = wrapper.application; includeInIndex = 0; path = Devslopes.app; sourceTree = BUILT_PRODUCTS_DIR; };
		A584823F26063F5300C7C880 /* AppDelegate.swift */ = {isa = PBXFileReference; lastKnownFileType = sourcecode.swift; path = AppDelegate.swift; sourceTree = "<group>"; };
		A584824126063F5300C7C880 /* SceneDelegate.swift */ = {isa = PBXFileReference; lastKnownFileType = sourcecode.swift; path = SceneDelegate.swift; sourceTree = "<group>"; };
		A584824326063F5300C7C880 /* ViewController.swift */ = {isa = PBXFileReference; lastKnownFileType = sourcecode.swift; path = ViewController.swift; sourceTree = "<group>"; };
		A584824626063F5300C7C880 /* Base */ = {isa = PBXFileReference; lastKnownFileType = file.storyboard; name = Base; path = Base.lproj/Main.storyboard; sourceTree = "<group>"; };
		A584824926063F5300C7C880 /* Devslopes.xcdatamodel */ = {isa = PBXFileReference; lastKnownFileType = wrapper.xcdatamodel; path = Devslopes.xcdatamodel; sourceTree = "<group>"; };
		A584824B26063F5400C7C880 /* Assets.xcassets */ = {isa = PBXFileReference; lastKnownFileType = folder.assetcatalog; path = Assets.xcassets; sourceTree = "<group>"; };
		A584824E26063F5400C7C880 /* Base */ = {isa = PBXFileReference; lastKnownFileType = file.storyboard; name = Base; path = Base.lproj/LaunchScreen.storyboard; sourceTree = "<group>"; };
		A584825026063F5400C7C880 /* Info.plist */ = {isa = PBXFileReference; lastKnownFileType = text.plist.xml; path = Info.plist; sourceTree = "<group>"; };
/* End PBXFileReference section */

/* Begin PBXFrameworksBuildPhase section */
		A584823926063F5300C7C880 /* Frameworks */ = {
			isa = PBXFrameworksBuildPhase;
			buildActionMask = 2147483647;
			files = (
			);
			runOnlyForDeploymentPostprocessing = 0;
		};
/* End PBXFrameworksBuildPhase section */

/* Begin PBXGroup section */
		A584823326063F5300C7C880 = {
			isa = PBXGroup;
			children = (
				A584823E26063F5300C7C880 /* Devslopes */,
				A584823D26063F5300C7C880 /* Products */,
			);
			sourceTree = "<group>";
		};
		A584823D26063F5300C7C880 /* Products */ = {
			isa = PBXGroup;
			children = (
				A584823C26063F5300C7C880 /* Devslopes.app */,
			);
			name = Products;
			sourceTree = "<group>";
		};
		A584823E26063F5300C7C880 /* Devslopes */ = {
			isa = PBXGroup;
			children = (
				A584823F26063F5300C7C880 /* AppDelegate.swift */,
				A584824126063F5300C7C880 /* SceneDelegate.swift */,
				A584824326063F5300C7C880 /* ViewController.swift */,
				A584824526063F5300C7C880 /* Main.storyboard */,
				A584824B26063F5400C7C880 /* Assets.xcassets */,
				A584824D26063F5400C7C880 /* LaunchScreen.storyboard */,
				A584825026063F5400C7C880 /* Info.plist */,
				A584824826063F5300C7C880 /* Devslopes.xcdatamodeld */,
			);
			path = Devslopes;
			sourceTree = "<group>";
		};
/* End PBXGroup section */

/* Begin PBXNativeTarget section */
		A584823B26063F5300C7C880 /* Devslopes */ = {
			isa = PBXNativeTarget;
			buildConfigurationList = A584825326063F5400C7C880 /* Build configuration list for PBXNativeTarget "Devslopes" */;
			buildPhases = (
				A584823826063F5300C7C880 /* Sources */,
				A584823926063F5300C7C880 /* Frameworks */,
				A584823A26063F5300C7C880 /* Resources */,
			);
			buildRules = (
			);
			dependencies = (
			);
			name = Devslopes;
			productName = Devslopes;
			productReference = A584823C26063F5300C7C880 /* Devslopes.app */;
			productType = "com.apple.product-type.application";
		};
/* End PBXNativeTarget section */

/* Begin PBXProject section */
		A584823426063F5300C7C880 /* Project object */ = {
			isa = PBXProject;
			attributes = {
				LastSwiftUpdateCheck = 1240;
				LastUpgradeCheck = 1240;
				TargetAttributes = {
					A584823B26063F5300C7C880 = {
						CreatedOnToolsVersion = 12.4;
					};
				};
			};
			buildConfigurationList = A584823726063F5300C7C880 /* Build configuration list for PBXProject "Devslopes" */;
			compatibilityVersion = "Xcode 9.3";
			developmentRegion = en;
			hasScannedForEncodings = 0;
			knownRegions = (
				en,
				Base,
			);
			mainGroup = A584823326063F5300C7C880;
			productRefGroup = A584823D26063F5300C7C880 /* Products */;
			projectDirPath = "";
			projectRoot = "";
			targets = (
				A584823B26063F5300C7C880 /* Devslopes */,
			);
		};
/* End PBXProject section */

/* Begin PBXResourcesBuildPhase section */
		A584823A26063F5300C7C880 /* Resources */ = {
			isa = PBXResourcesBuildPhase;
			buildActionMask = 2147483647;
			files = (
				A584824F26063F5400C7C880 /* LaunchScreen.storyboard in Resources */,
				A584824C26063F5400C7C880 /* Assets.xcassets in Resources */,
				A584824726063F5300C7C880 /* Main.storyboard in Resources */,
			);
			runOnlyForDeploymentPostprocessing = 0;
		};
/* End PBXResourcesBuildPhase section */

/* Begin PBXSourcesBuildPhase section */
		A584823826063F5300C7C880 /* Sources */ = {
			isa = PBXSourcesBuildPhase;
			buildActionMask = 2147483647;
			files = (
				A584824426063F5300C7C880 /* ViewController.swift in Sources */,
				A584824026063F5300C7C880 /* AppDelegate.swift in Sources */,
				A584824226063F5300C7C880 /* SceneDelegate.swift in Sources */,
				A584824A26063F5300C7C880 /* Devslopes.xcdatamodeld in Sources */,
			);
			runOnlyForDeploymentPostprocessing = 0;
		};
/* End PBXSourcesBuildPhase section */

/* Begin PBXVariantGroup section */
		A584824526063F5300C7C880 /* Main.storyboard */ = {
			isa = PBXVariantGroup;
			children = (
				A584824626063F5300C7C880 /* Base */,
			);
			name = Main.storyboard;
			sourceTree = "<group>";
		};
		A584824D26063F5400C7C880 /* LaunchScreen.storyboard */ = {
			isa = PBXVariantGroup;
			children = (
				A584824E26063F5400C7C880 /* Base */,
			);
			name = LaunchScreen.storyboard;
			sourceTree = "<group>";
		};
/* End PBXVariantGroup section */

/* Begin XCBuildConfiguration section */
		A584825126063F5400C7C880 /* Debug */ = {
			isa = XCBuildConfiguration;
			buildSettings = {
				ALWAYS_SEARCH_USER_PATHS = NO;
				CLANG_ANALYZER_NONNULL = YES;
				CLANG_ANALYZER_NUMBER_OBJECT_CONVERSION = YES_AGGRESSIVE;
				CLANG_CXX_LANGUAGE_STANDARD = "gnu++14";
				CLANG_CXX_LIBRARY = "libc++";
				CLANG_ENABLE_MODULES = YES;
				CLANG_ENABLE_OBJC_ARC = YES;
				CLANG_ENABLE_OBJC_WEAK = YES;
				CLANG_WARN_BLOCK_CAPTURE_AUTORELEASING = YES;
				CLANG_WARN_BOOL_CONVERSION = YES;
				CLANG_WARN_COMMA = YES;
				CLANG_WARN_CONSTANT_CONVERSION = YES;
				CLANG_WARN_DEPRECATED_OBJC_IMPLEMENTATIONS = YES;
				CLANG_WARN_DIRECT_OBJC_ISA_USAGE = YES_ERROR;
				CLANG_WARN_DOCUMENTATION_COMMENTS = YES;
				CLANG_WARN_EMPTY_BODY = YES;
				CLANG_WARN_ENUM_CONVERSION = YES;
				CLANG_WARN_INFINITE_RECURSION = YES;
				CLANG_WARN_INT_CONVERSION = YES;
				CLANG_WARN_NON_LITERAL_NULL_CONVERSION = YES;
				CLANG_WARN_OBJC_IMPLICIT_RETAIN_SELF = YES;
				CLANG_WARN_OBJC_LITERAL_CONVERSION = YES;
				CLANG_WARN_OBJC_ROOT_CLASS = YES_ERROR;
				CLANG_WARN_QUOTED_INCLUDE_IN_FRAMEWORK_HEADER = YES;
				CLANG_WARN_RANGE_LOOP_ANALYSIS = YES;
				CLANG_WARN_STRICT_PROTOTYPES = YES;
				CLANG_WARN_SUSPICIOUS_MOVE = YES;
				CLANG_WARN_UNGUARDED_AVAILABILITY = YES_AGGRESSIVE;
				CLANG_WARN_UNREACHABLE_CODE = YES;
				CLANG_WARN__DUPLICATE_METHOD_MATCH = YES;
				COPY_PHASE_STRIP = NO;
				DEBUG_INFORMATION_FORMAT = dwarf;
				ENABLE_STRICT_OBJC_MSGSEND = YES;
				ENABLE_TESTABILITY = YES;
				GCC_C_LANGUAGE_STANDARD = gnu11;
				GCC_DYNAMIC_NO_PIC = NO;
				GCC_NO_COMMON_BLOCKS = YES;
				GCC_OPTIMIZATION_LEVEL = 0;
				GCC_PREPROCESSOR_DEFINITIONS = (
					"DEBUG=1",
					"$(inherited)",
				);
				GCC_WARN_64_TO_32_BIT_CONVERSION = YES;
				GCC_WARN_ABOUT_RETURN_TYPE = YES_ERROR;
				GCC_WARN_UNDECLARED_SELECTOR = YES;
				GCC_WARN_UNINITIALIZED_AUTOS = YES_AGGRESSIVE;
				GCC_WARN_UNUSED_FUNCTION = YES;
				GCC_WARN_UNUSED_VARIABLE = YES;
				IPHONEOS_DEPLOYMENT_TARGET = 14.4;
				MTL_ENABLE_DEBUG_INFO = INCLUDE_SOURCE;
				MTL_FAST_MATH = YES;
				ONLY_ACTIVE_ARCH = YES;
				SDKROOT = iphoneos;
				SWIFT_ACTIVE_COMPILATION_CONDITIONS = DEBUG;
				SWIFT_OPTIMIZATION_LEVEL = "-Onone";
			};
			name = Debug;
		};
		A584825226063F5400C7C880 /* Release */ = {
			isa = XCBuildConfiguration;
			buildSettings = {
				ALWAYS_SEARCH_USER_PATHS = NO;
				CLANG_ANALYZER_NONNULL = YES;
				CLANG_ANALYZER_NUMBER_OBJECT_CONVERSION = YES_AGGRESSIVE;
				CLANG_CXX_LANGUAGE_STANDARD = "gnu++14";
				CLANG_CXX_LIBRARY = "libc++";
				CLANG_ENABLE_MODULES = YES;
				CLANG_ENABLE_OBJC_ARC = YES;
				CLANG_ENABLE_OBJC_WEAK = YES;
				CLANG_WARN_BLOCK_CAPTURE_AUTORELEASING = YES;
				CLANG_WARN_BOOL_CONVERSION = YES;
				CLANG_WARN_COMMA = YES;
				CLANG_WARN_CONSTANT_CONVERSION = YES;
				CLANG_WARN_DEPRECATED_OBJC_IMPLEMENTATIONS = YES;
				CLANG_WARN_DIRECT_OBJC_ISA_USAGE = YES_ERROR;
				CLANG_WARN_DOCUMENTATION_COMMENTS = YES;
				CLANG_WARN_EMPTY_BODY = YES;
				CLANG_WARN_ENUM_CONVERSION = YES;
				CLANG_WARN_INFINITE_RECURSION = YES;
				CLANG_WARN_INT_CONVERSION = YES;
				CLANG_WARN_NON_LITERAL_NULL_CONVERSION = YES;
				CLANG_WARN_OBJC_IMPLICIT_RETAIN_SELF = YES;
				CLANG_WARN_OBJC_LITERAL_CONVERSION = YES;
				CLANG_WARN_OBJC_ROOT_CLASS = YES_ERROR;
				CLANG_WARN_QUOTED_INCLUDE_IN_FRAMEWORK_HEADER = YES;
				CLANG_WARN_RANGE_LOOP_ANALYSIS = YES;
				CLANG_WARN_STRICT_PROTOTYPES = YES;
				CLANG_WARN_SUSPICIOUS_MOVE = YES;
				CLANG_WARN_UNGUARDED_AVAILABILITY = YES_AGGRESSIVE;
				CLANG_WARN_UNREACHABLE_CODE = YES;
				CLANG_WARN__DUPLICATE_METHOD_MATCH = YES;
				COPY_PHASE_STRIP = NO;
				DEBUG_INFORMATION_FORMAT = "dwarf-with-dsym";
				ENABLE_NS_ASSERTIONS = NO;
				ENABLE_STRICT_OBJC_MSGSEND = YES;
				GCC_C_LANGUAGE_STANDARD = gnu11;
				GCC_NO_COMMON_BLOCKS = YES;
				GCC_WARN_64_TO_32_BIT_CONVERSION = YES;
				GCC_WARN_ABOUT_RETURN_TYPE = YES_ERROR;
				GCC_WARN_UNDECLARED_SELECTOR = YES;
				GCC_WARN_UNINITIALIZED_AUTOS = YES_AGGRESSIVE;
				GCC_WARN_UNUSED_FUNCTION = YES;
				GCC_WARN_UNUSED_VARIABLE = YES;
				IPHONEOS_DEPLOYMENT_TARGET = 14.4;
				MTL_ENABLE_DEBUG_INFO = NO;
				MTL_FAST_MATH = YES;
				SDKROOT = iphoneos;
				SWIFT_COMPILATION_MODE = wholemodule;
				SWIFT_OPTIMIZATION_LEVEL = "-O";
				VALIDATE_PRODUCT = YES;
			};
			name = Release;
		};
		A584825426063F5400C7C880 /* Debug */ = {
			isa = XCBuildConfiguration;
			buildSettings = {
				ASSETCATALOG_COMPILER_APPICON_NAME = AppIcon;
				ASSETCATALOG_COMPILER_GLOBAL_ACCENT_COLOR_NAME = AccentColor;
				CODE_SIGN_STYLE = Automatic;
				DEVELOPMENT_TEAM = QLC33329XN;
				INFOPLIST_FILE = Devslopes/Info.plist;
				LD_RUNPATH_SEARCH_PATHS = (
					"$(inherited)",
					"@executable_path/Frameworks",
				);
				PRODUCT_BUNDLE_IDENTIFIER = kvn.Devslopes;
				PRODUCT_NAME = "$(TARGET_NAME)";
				SWIFT_VERSION = 5.0;
				TARGETED_DEVICE_FAMILY = "1,2";
			};
			name = Debug;
		};
		A584825526063F5400C7C880 /* Release */ = {
			isa = XCBuildConfiguration;
			buildSettings = {
				ASSETCATALOG_COMPILER_APPICON_NAME = AppIcon;
				ASSETCATALOG_COMPILER_GLOBAL_ACCENT_COLOR_NAME = AccentColor;
				CODE_SIGN_STYLE = Automatic;
				DEVELOPMENT_TEAM = QLC33329XN;
				INFOPLIST_FILE = Devslopes/Info.plist;
				LD_RUNPATH_SEARCH_PATHS = (
					"$(inherited)",
					"@executable_path/Frameworks",
				);
				PRODUCT_BUNDLE_IDENTIFIER = kvn.Devslopes;
				PRODUCT_NAME = "$(TARGET_NAME)";
				SWIFT_VERSION = 5.0;
				TARGETED_DEVICE_FAMILY = "1,2";
			};
			name = Release;
		};
/* End XCBuildConfiguration section */

/* Begin XCConfigurationList section */
		A584823726063F5300C7C880 /* Build configuration list for PBXProject "Devslopes" */ = {
			isa = XCConfigurationList;
			buildConfigurations = (
				A584825126063F5400C7C880 /* Debug */,
				A584825226063F5400C7C880 /* Release */,
			);
			defaultConfigurationIsVisible = 0;
			defaultConfigurationName = Release;
		};
		A584825326063F5400C7C880 /* Build configuration list for PBXNativeTarget "Devslopes" */ = {
			isa = XCConfigurationList;
			buildConfigurations = (
				A584825426063F5400C7C880 /* Debug */,
				A584825526063F5400C7C880 /* Release */,
			);
			defaultConfigurationIsVisible = 0;
			defaultConfigurationName = Release;
		};
/* End XCConfigurationList section */

/* Begin XCVersionGroup section */
		A584824826063F5300C7C880 /* Devslopes.xcdatamodeld */ = {
			isa = XCVersionGroup;
			children = (
				A584824926063F5300C7C880 /* Devslopes.xcdatamodel */,
			);
			currentVersion = A584824926063F5300C7C880 /* Devslopes.xcdatamodel */;
			path = Devslopes.xcdatamodeld;
			sourceTree = "<group>";
			versionGroupType = wrapper.xcdatamodel;
		};
/* End XCVersionGroup section */
	};
	rootObject = A584823426063F5300C7C880 /* Project object */;
}
